
Microsoft Visual Studio Solution File, Format Version 12.00
# Visual Studio Version 17
VisualStudioVersion = 17.4.33213.308
MinimumVisualStudioVersion = 10.0.40219.1
Project("{FAE04EC0-301F-11D3-BF4B-00C04F79EFBC}") = "FrmCentral", "FrmCentral\FrmCentral.csproj", "{5EC11B04-B468-4780-BA64-D706B26321FE}"
EndProject
Global
	GlobalSection(SolutionConfigurationPlatforms) = preSolution
		Debug|Any CPU = Debug|Any CPU
		Release|Any CPU = Release|Any CPU
	EndGlobalSection
	GlobalSection(ProjectConfigurationPlatforms) = postSolution
		{5EC11B04-B468-4780-BA64-D706B26321FE}.Debug|Any CPU.ActiveCfg = Debug|Any CPU
		{5EC11B04-B468-4780-BA64-D706B26321FE}.Debug|Any CPU.Build.0 = Debug|Any CPU
		{5EC11B04-B468-4780-BA64-D706B26321FE}.Release|Any CPU.ActiveCfg = Release|Any CPU
		{5EC11B04-B468-4780-BA64-D706B26321FE}.Release|Any CPU.Build.0 = Release|Any CPU
	EndGlobalSection
	GlobalSection(SolutionProperties) = preSolution
		HideSolutionNode = FALSE
	EndGlobalSection
	GlobalSection(ExtensibilityGlobals) = postSolution
		SolutionGuid = {8E97E0E5-63F6-48C7-8B53-DABE4FB537AB}
	EndGlobalSection
EndGlobal
